// !$*UTF8*$!
{
	archiveVersion = 1;
	classes = {
	};
	objectVersion = 52;
	objects = {

/* Begin PBXBuildFile section */
		7526923A27203DFC004CC2F2 /* AppDelegate.swift in Sources */ = {isa = PBXBuildFile; fileRef = 7526923927203DFC004CC2F2 /* AppDelegate.swift */; };
		7526923C27203DFC004CC2F2 /* SceneDelegate.swift in Sources */ = {isa = PBXBuildFile; fileRef = 7526923B27203DFC004CC2F2 /* SceneDelegate.swift */; };
		7526923E27203DFC004CC2F2 /* AuthViewController.swift in Sources */ = {isa = PBXBuildFile; fileRef = 7526923D27203DFC004CC2F2 /* AuthViewController.swift */; };
		7526924327203DFD004CC2F2 /* Assets.xcassets in Resources */ = {isa = PBXBuildFile; fileRef = 7526924227203DFD004CC2F2 /* Assets.xcassets */; };
		7526924627203DFD004CC2F2 /* LaunchScreen.storyboard in Resources */ = {isa = PBXBuildFile; fileRef = 7526924427203DFD004CC2F2 /* LaunchScreen.storyboard */; };
		752692592720431C004CC2F2 /* vk-ios-sdk in Frameworks */ = {isa = PBXBuildFile; productRef = 752692582720431C004CC2F2 /* vk-ios-sdk */; };
		753704B42722C18D0047A1C7 /* FeedViewController.storyboard in Resources */ = {isa = PBXBuildFile; fileRef = 753704B32722C18D0047A1C7 /* FeedViewController.storyboard */; };
		753704B62722C1CE0047A1C7 /* FeedViewController.swift in Sources */ = {isa = PBXBuildFile; fileRef = 753704B52722C1CE0047A1C7 /* FeedViewController.swift */; };
		753704BA2722DB100047A1C7 /* NetworkService.swift in Sources */ = {isa = PBXBuildFile; fileRef = 753704B92722DB100047A1C7 /* NetworkService.swift */; };
		753704BC2722DBF40047A1C7 /* API.swift in Sources */ = {isa = PBXBuildFile; fileRef = 753704BB2722DBF40047A1C7 /* API.swift */; };
		753704BF27230B470047A1C7 /* FeedResponse.swift in Sources */ = {isa = PBXBuildFile; fileRef = 753704BE27230B470047A1C7 /* FeedResponse.swift */; };
		753704C127230E090047A1C7 /* NetworkDataFetcher.swift in Sources */ = {isa = PBXBuildFile; fileRef = 753704C027230E090047A1C7 /* NetworkDataFetcher.swift */; };
		757A1E2B27216C49007D9C06 /* AuthService.swift in Sources */ = {isa = PBXBuildFile; fileRef = 757A1E2A27216C49007D9C06 /* AuthService.swift */; };
		757A1E2E27216E4F007D9C06 /* AuthViewController.storyboard in Resources */ = {isa = PBXBuildFile; fileRef = 757A1E2D27216E4F007D9C06 /* AuthViewController.storyboard */; };
		75E70DD0272419D100B7E964 /* NewsfeedPresenter.swift in Sources */ = {isa = PBXBuildFile; fileRef = 75E70DC9272419D100B7E964 /* NewsfeedPresenter.swift */; };
		75E70DD1272419D100B7E964 /* NewsfeedWorker.swift in Sources */ = {isa = PBXBuildFile; fileRef = 75E70DCA272419D100B7E964 /* NewsfeedWorker.swift */; };
		75E70DD2272419D100B7E964 /* NewsfeedRouter.swift in Sources */ = {isa = PBXBuildFile; fileRef = 75E70DCB272419D100B7E964 /* NewsfeedRouter.swift */; };
		75E70DD3272419D100B7E964 /* NewsfeedModels.swift in Sources */ = {isa = PBXBuildFile; fileRef = 75E70DCC272419D100B7E964 /* NewsfeedModels.swift */; };
		75E70DD4272419D100B7E964 /* NewsfeedViewController.swift in Sources */ = {isa = PBXBuildFile; fileRef = 75E70DCD272419D100B7E964 /* NewsfeedViewController.swift */; };
		75E70DD5272419D100B7E964 /* NewsfeedInteractor.swift in Sources */ = {isa = PBXBuildFile; fileRef = 75E70DCE272419D100B7E964 /* NewsfeedInteractor.swift */; };
		75E70DD827241F1A00B7E964 /* NewsfeedViewController.storyboard in Resources */ = {isa = PBXBuildFile; fileRef = 75E70DD727241F1A00B7E964 /* NewsfeedViewController.storyboard */; };
/* End PBXBuildFile section */

/* Begin PBXCopyFilesBuildPhase section */
		7526925227203F9A004CC2F2 /* Embed Frameworks */ = {
			isa = PBXCopyFilesBuildPhase;
			buildActionMask = 2147483647;
			dstPath = "";
			dstSubfolderSpec = 10;
			files = (
			);
			name = "Embed Frameworks";
			runOnlyForDeploymentPostprocessing = 0;
		};
/* End PBXCopyFilesBuildPhase section */

/* Begin PBXFileReference section */
		7526923627203DFC004CC2F2 /* VkNewsFeed.app */ = {isa = PBXFileReference; explicitFileType = wrapper.application; includeInIndex = 0; path = VkNewsFeed.app; sourceTree = BUILT_PRODUCTS_DIR; };
		7526923927203DFC004CC2F2 /* AppDelegate.swift */ = {isa = PBXFileReference; lastKnownFileType = sourcecode.swift; path = AppDelegate.swift; sourceTree = "<group>"; };
		7526923B27203DFC004CC2F2 /* SceneDelegate.swift */ = {isa = PBXFileReference; lastKnownFileType = sourcecode.swift; path = SceneDelegate.swift; sourceTree = "<group>"; };
		7526923D27203DFC004CC2F2 /* AuthViewController.swift */ = {isa = PBXFileReference; lastKnownFileType = sourcecode.swift; path = AuthViewController.swift; sourceTree = "<group>"; };
		7526924227203DFD004CC2F2 /* Assets.xcassets */ = {isa = PBXFileReference; lastKnownFileType = folder.assetcatalog; path = Assets.xcassets; sourceTree = "<group>"; };
		7526924527203DFD004CC2F2 /* Base */ = {isa = PBXFileReference; lastKnownFileType = file.storyboard; name = Base; path = Base.lproj/LaunchScreen.storyboard; sourceTree = "<group>"; };
		7526924727203DFD004CC2F2 /* Info.plist */ = {isa = PBXFileReference; lastKnownFileType = text.plist.xml; path = Info.plist; sourceTree = "<group>"; };
		753704B32722C18D0047A1C7 /* FeedViewController.storyboard */ = {isa = PBXFileReference; lastKnownFileType = file.storyboard; path = FeedViewController.storyboard; sourceTree = "<group>"; };
		753704B52722C1CE0047A1C7 /* FeedViewController.swift */ = {isa = PBXFileReference; lastKnownFileType = sourcecode.swift; path = FeedViewController.swift; sourceTree = "<group>"; };
		753704B92722DB100047A1C7 /* NetworkService.swift */ = {isa = PBXFileReference; lastKnownFileType = sourcecode.swift; path = NetworkService.swift; sourceTree = "<group>"; };
		753704BB2722DBF40047A1C7 /* API.swift */ = {isa = PBXFileReference; lastKnownFileType = sourcecode.swift; path = API.swift; sourceTree = "<group>"; };
		753704BE27230B470047A1C7 /* FeedResponse.swift */ = {isa = PBXFileReference; lastKnownFileType = sourcecode.swift; path = FeedResponse.swift; sourceTree = "<group>"; };
		753704C027230E090047A1C7 /* NetworkDataFetcher.swift */ = {isa = PBXFileReference; lastKnownFileType = sourcecode.swift; path = NetworkDataFetcher.swift; sourceTree = "<group>"; };
		757A1E2A27216C49007D9C06 /* AuthService.swift */ = {isa = PBXFileReference; lastKnownFileType = sourcecode.swift; path = AuthService.swift; sourceTree = "<group>"; };
		757A1E2D27216E4F007D9C06 /* AuthViewController.storyboard */ = {isa = PBXFileReference; lastKnownFileType = file.storyboard; path = AuthViewController.storyboard; sourceTree = "<group>"; };
		75E70DC9272419D100B7E964 /* NewsfeedPresenter.swift */ = {isa = PBXFileReference; lastKnownFileType = sourcecode.swift; path = NewsfeedPresenter.swift; sourceTree = "<group>"; };
		75E70DCA272419D100B7E964 /* NewsfeedWorker.swift */ = {isa = PBXFileReference; lastKnownFileType = sourcecode.swift; path = NewsfeedWorker.swift; sourceTree = "<group>"; };
		75E70DCB272419D100B7E964 /* NewsfeedRouter.swift */ = {isa = PBXFileReference; lastKnownFileType = sourcecode.swift; path = NewsfeedRouter.swift; sourceTree = "<group>"; };
		75E70DCC272419D100B7E964 /* NewsfeedModels.swift */ = {isa = PBXFileReference; lastKnownFileType = sourcecode.swift; path = NewsfeedModels.swift; sourceTree = "<group>"; };
		75E70DCD272419D100B7E964 /* NewsfeedViewController.swift */ = {isa = PBXFileReference; lastKnownFileType = sourcecode.swift; path = NewsfeedViewController.swift; sourceTree = "<group>"; };
		75E70DCE272419D100B7E964 /* NewsfeedInteractor.swift */ = {isa = PBXFileReference; lastKnownFileType = sourcecode.swift; path = NewsfeedInteractor.swift; sourceTree = "<group>"; };
		75E70DD727241F1A00B7E964 /* NewsfeedViewController.storyboard */ = {isa = PBXFileReference; lastKnownFileType = file.storyboard; path = NewsfeedViewController.storyboard; sourceTree = "<group>"; };
/* End PBXFileReference section */

/* Begin PBXFrameworksBuildPhase section */
		7526923327203DFC004CC2F2 /* Frameworks */ = {
			isa = PBXFrameworksBuildPhase;
			buildActionMask = 2147483647;
			files = (
				752692592720431C004CC2F2 /* vk-ios-sdk in Frameworks */,
			);
			runOnlyForDeploymentPostprocessing = 0;
		};
/* End PBXFrameworksBuildPhase section */

/* Begin PBXGroup section */
		7526922D27203DFC004CC2F2 = {
			isa = PBXGroup;
			children = (
				7526923827203DFC004CC2F2 /* VkNewsFeed */,
				7526923727203DFC004CC2F2 /* Products */,
			);
			sourceTree = "<group>";
		};
		7526923727203DFC004CC2F2 /* Products */ = {
			isa = PBXGroup;
			children = (
				7526923627203DFC004CC2F2 /* VkNewsFeed.app */,
			);
			name = Products;
			sourceTree = "<group>";
		};
		7526923827203DFC004CC2F2 /* VkNewsFeed */ = {
			isa = PBXGroup;
			children = (
				7526923927203DFC004CC2F2 /* AppDelegate.swift */,
				7526923B27203DFC004CC2F2 /* SceneDelegate.swift */,
				757A1E2C27216C4E007D9C06 /* Services */,
				753704B82722C27E0047A1C7 /* AuthViewController */,
				75E70DC82724198600B7E964 /* Newsfeed */,
				753704B72722C2620047A1C7 /* FeedViewController */,
				7526924227203DFD004CC2F2 /* Assets.xcassets */,
				7526924427203DFD004CC2F2 /* LaunchScreen.storyboard */,
				7526924727203DFD004CC2F2 /* Info.plist */,
			);
			path = VkNewsFeed;
			sourceTree = "<group>";
		};
		753704B72722C2620047A1C7 /* FeedViewController */ = {
			isa = PBXGroup;
			children = (
				753704B52722C1CE0047A1C7 /* FeedViewController.swift */,
				753704B32722C18D0047A1C7 /* FeedViewController.storyboard */,
			);
			path = FeedViewController;
			sourceTree = "<group>";
		};
		753704B82722C27E0047A1C7 /* AuthViewController */ = {
			isa = PBXGroup;
			children = (
				7526923D27203DFC004CC2F2 /* AuthViewController.swift */,
				757A1E2D27216E4F007D9C06 /* AuthViewController.storyboard */,
			);
			path = AuthViewController;
			sourceTree = "<group>";
		};
		753704BD27230B2C0047A1C7 /* Models */ = {
			isa = PBXGroup;
			children = (
				753704BE27230B470047A1C7 /* FeedResponse.swift */,
			);
			path = Models;
			sourceTree = "<group>";
		};
		757A1E2C27216C4E007D9C06 /* Services */ = {
			isa = PBXGroup;
			children = (
				753704BD27230B2C0047A1C7 /* Models */,
				757A1E2A27216C49007D9C06 /* AuthService.swift */,
				753704B92722DB100047A1C7 /* NetworkService.swift */,
				753704C027230E090047A1C7 /* NetworkDataFetcher.swift */,
				753704BB2722DBF40047A1C7 /* API.swift */,
			);
			path = Services;
			sourceTree = "<group>";
		};
		75E70DC82724198600B7E964 /* Newsfeed */ = {
			isa = PBXGroup;
			children = (
				75E70DD727241F1A00B7E964 /* NewsfeedViewController.storyboard */,
				75E70DCD272419D100B7E964 /* NewsfeedViewController.swift */,
				75E70DCE272419D100B7E964 /* NewsfeedInteractor.swift */,
				75E70DC9272419D100B7E964 /* NewsfeedPresenter.swift */,
				75E70DCC272419D100B7E964 /* NewsfeedModels.swift */,
				75E70DCA272419D100B7E964 /* NewsfeedWorker.swift */,
				75E70DCB272419D100B7E964 /* NewsfeedRouter.swift */,
			);
			path = Newsfeed;
			sourceTree = "<group>";
		};
/* End PBXGroup section */

/* Begin PBXNativeTarget section */
		7526923527203DFC004CC2F2 /* VkNewsFeed */ = {
			isa = PBXNativeTarget;
			buildConfigurationList = 7526924A27203DFD004CC2F2 /* Build configuration list for PBXNativeTarget "VkNewsFeed" */;
			buildPhases = (
				7526923227203DFC004CC2F2 /* Sources */,
				7526923327203DFC004CC2F2 /* Frameworks */,
				7526923427203DFC004CC2F2 /* Resources */,
				7526925227203F9A004CC2F2 /* Embed Frameworks */,
			);
			buildRules = (
			);
			dependencies = (
			);
			name = VkNewsFeed;
			packageProductDependencies = (
				752692582720431C004CC2F2 /* vk-ios-sdk */,
			);
			productName = VkNewsFeed;
			productReference = 7526923627203DFC004CC2F2 /* VkNewsFeed.app */;
			productType = "com.apple.product-type.application";
		};
/* End PBXNativeTarget section */

/* Begin PBXProject section */
		7526922E27203DFC004CC2F2 /* Project object */ = {
			isa = PBXProject;
			attributes = {
				LastSwiftUpdateCheck = 1250;
				LastUpgradeCheck = 1250;
				TargetAttributes = {
					7526923527203DFC004CC2F2 = {
						CreatedOnToolsVersion = 12.5.1;
					};
				};
			};
			buildConfigurationList = 7526923127203DFC004CC2F2 /* Build configuration list for PBXProject "VkNewsFeed" */;
			compatibilityVersion = "Xcode 9.3";
			developmentRegion = en;
			hasScannedForEncodings = 0;
			knownRegions = (
				en,
				Base,
			);
			mainGroup = 7526922D27203DFC004CC2F2;
			packageReferences = (
				752692572720431C004CC2F2 /* XCRemoteSwiftPackageReference "vk-ios-sdk" */,
			);
			productRefGroup = 7526923727203DFC004CC2F2 /* Products */;
			projectDirPath = "";
			projectRoot = "";
			targets = (
				7526923527203DFC004CC2F2 /* VkNewsFeed */,
			);
		};
/* End PBXProject section */

/* Begin PBXResourcesBuildPhase section */
		7526923427203DFC004CC2F2 /* Resources */ = {
			isa = PBXResourcesBuildPhase;
			buildActionMask = 2147483647;
			files = (
				7526924627203DFD004CC2F2 /* LaunchScreen.storyboard in Resources */,
				757A1E2E27216E4F007D9C06 /* AuthViewController.storyboard in Resources */,
				75E70DD827241F1A00B7E964 /* NewsfeedViewController.storyboard in Resources */,
				7526924327203DFD004CC2F2 /* Assets.xcassets in Resources */,
				753704B42722C18D0047A1C7 /* FeedViewController.storyboard in Resources */,
			);
			runOnlyForDeploymentPostprocessing = 0;
		};
/* End PBXResourcesBuildPhase section */

/* Begin PBXSourcesBuildPhase section */
		7526923227203DFC004CC2F2 /* Sources */ = {
			isa = PBXSourcesBuildPhase;
			buildActionMask = 2147483647;
			files = (
				753704BF27230B470047A1C7 /* FeedResponse.swift in Sources */,
				75E70DD4272419D100B7E964 /* NewsfeedViewController.swift in Sources */,
				7526923E27203DFC004CC2F2 /* AuthViewController.swift in Sources */,
				7526923A27203DFC004CC2F2 /* AppDelegate.swift in Sources */,
				75E70DD0272419D100B7E964 /* NewsfeedPresenter.swift in Sources */,
				753704B62722C1CE0047A1C7 /* FeedViewController.swift in Sources */,
				75E70DD2272419D100B7E964 /* NewsfeedRouter.swift in Sources */,
				7526923C27203DFC004CC2F2 /* SceneDelegate.swift in Sources */,
				753704BA2722DB100047A1C7 /* NetworkService.swift in Sources */,
				75E70DD3272419D100B7E964 /* NewsfeedModels.swift in Sources */,
				753704C127230E090047A1C7 /* NetworkDataFetcher.swift in Sources */,
				75E70DD1272419D100B7E964 /* NewsfeedWorker.swift in Sources */,
				757A1E2B27216C49007D9C06 /* AuthService.swift in Sources */,
				753704BC2722DBF40047A1C7 /* API.swift in Sources */,
				75E70DD5272419D100B7E964 /* NewsfeedInteractor.swift in Sources */,
			);
			runOnlyForDeploymentPostprocessing = 0;
		};
/* End PBXSourcesBuildPhase section */

/* Begin PBXVariantGroup section */
		7526924427203DFD004CC2F2 /* LaunchScreen.storyboard */ = {
			isa = PBXVariantGroup;
			children = (
				7526924527203DFD004CC2F2 /* Base */,
			);
			name = LaunchScreen.storyboard;
			sourceTree = "<group>";
		};
/* End PBXVariantGroup section */

/* Begin XCBuildConfiguration section */
		7526924827203DFD004CC2F2 /* Debug */ = {
			isa = XCBuildConfiguration;
			buildSettings = {
				ALWAYS_SEARCH_USER_PATHS = NO;
				CLANG_ANALYZER_NONNULL = YES;
				CLANG_ANALYZER_NUMBER_OBJECT_CONVERSION = YES_AGGRESSIVE;
				CLANG_CXX_LANGUAGE_STANDARD = "gnu++14";
				CLANG_CXX_LIBRARY = "libc++";
				CLANG_ENABLE_MODULES = YES;
				CLANG_ENABLE_OBJC_ARC = YES;
				CLANG_ENABLE_OBJC_WEAK = YES;
				CLANG_WARN_BLOCK_CAPTURE_AUTORELEASING = YES;
				CLANG_WARN_BOOL_CONVERSION = YES;
				CLANG_WARN_COMMA = YES;
				CLANG_WARN_CONSTANT_CONVERSION = YES;
				CLANG_WARN_DEPRECATED_OBJC_IMPLEMENTATIONS = YES;
				CLANG_WARN_DIRECT_OBJC_ISA_USAGE = YES_ERROR;
				CLANG_WARN_DOCUMENTATION_COMMENTS = YES;
				CLANG_WARN_EMPTY_BODY = YES;
				CLANG_WARN_ENUM_CONVERSION = YES;
				CLANG_WARN_INFINITE_RECURSION = YES;
				CLANG_WARN_INT_CONVERSION = YES;
				CLANG_WARN_NON_LITERAL_NULL_CONVERSION = YES;
				CLANG_WARN_OBJC_IMPLICIT_RETAIN_SELF = YES;
				CLANG_WARN_OBJC_LITERAL_CONVERSION = YES;
				CLANG_WARN_OBJC_ROOT_CLASS = YES_ERROR;
				CLANG_WARN_QUOTED_INCLUDE_IN_FRAMEWORK_HEADER = YES;
				CLANG_WARN_RANGE_LOOP_ANALYSIS = YES;
				CLANG_WARN_STRICT_PROTOTYPES = YES;
				CLANG_WARN_SUSPICIOUS_MOVE = YES;
				CLANG_WARN_UNGUARDED_AVAILABILITY = YES_AGGRESSIVE;
				CLANG_WARN_UNREACHABLE_CODE = YES;
				CLANG_WARN__DUPLICATE_METHOD_MATCH = YES;
				COPY_PHASE_STRIP = NO;
				DEBUG_INFORMATION_FORMAT = dwarf;
				ENABLE_STRICT_OBJC_MSGSEND = YES;
				ENABLE_TESTABILITY = YES;
				GCC_C_LANGUAGE_STANDARD = gnu11;
				GCC_DYNAMIC_NO_PIC = NO;
				GCC_NO_COMMON_BLOCKS = YES;
				GCC_OPTIMIZATION_LEVEL = 0;
				GCC_PREPROCESSOR_DEFINITIONS = (
					"DEBUG=1",
					"$(inherited)",
				);
				GCC_WARN_64_TO_32_BIT_CONVERSION = YES;
				GCC_WARN_ABOUT_RETURN_TYPE = YES_ERROR;
				GCC_WARN_UNDECLARED_SELECTOR = YES;
				GCC_WARN_UNINITIALIZED_AUTOS = YES_AGGRESSIVE;
				GCC_WARN_UNUSED_FUNCTION = YES;
				GCC_WARN_UNUSED_VARIABLE = YES;
				IPHONEOS_DEPLOYMENT_TARGET = 14.5;
				MTL_ENABLE_DEBUG_INFO = INCLUDE_SOURCE;
				MTL_FAST_MATH = YES;
				ONLY_ACTIVE_ARCH = YES;
				SDKROOT = iphoneos;
				SWIFT_ACTIVE_COMPILATION_CONDITIONS = DEBUG;
				SWIFT_OPTIMIZATION_LEVEL = "-Onone";
			};
			name = Debug;
		};
		7526924927203DFD004CC2F2 /* Release */ = {
			isa = XCBuildConfiguration;
			buildSettings = {
				ALWAYS_SEARCH_USER_PATHS = NO;
				CLANG_ANALYZER_NONNULL = YES;
				CLANG_ANALYZER_NUMBER_OBJECT_CONVERSION = YES_AGGRESSIVE;
				CLANG_CXX_LANGUAGE_STANDARD = "gnu++14";
				CLANG_CXX_LIBRARY = "libc++";
				CLANG_ENABLE_MODULES = YES;
				CLANG_ENABLE_OBJC_ARC = YES;
				CLANG_ENABLE_OBJC_WEAK = YES;
				CLANG_WARN_BLOCK_CAPTURE_AUTORELEASING = YES;
				CLANG_WARN_BOOL_CONVERSION = YES;
				CLANG_WARN_COMMA = YES;
				CLANG_WARN_CONSTANT_CONVERSION = YES;
				CLANG_WARN_DEPRECATED_OBJC_IMPLEMENTATIONS = YES;
				CLANG_WARN_DIRECT_OBJC_ISA_USAGE = YES_ERROR;
				CLANG_WARN_DOCUMENTATION_COMMENTS = YES;
				CLANG_WARN_EMPTY_BODY = YES;
				CLANG_WARN_ENUM_CONVERSION = YES;
				CLANG_WARN_INFINITE_RECURSION = YES;
				CLANG_WARN_INT_CONVERSION = YES;
				CLANG_WARN_NON_LITERAL_NULL_CONVERSION = YES;
				CLANG_WARN_OBJC_IMPLICIT_RETAIN_SELF = YES;
				CLANG_WARN_OBJC_LITERAL_CONVERSION = YES;
				CLANG_WARN_OBJC_ROOT_CLASS = YES_ERROR;
				CLANG_WARN_QUOTED_INCLUDE_IN_FRAMEWORK_HEADER = YES;
				CLANG_WARN_RANGE_LOOP_ANALYSIS = YES;
				CLANG_WARN_STRICT_PROTOTYPES = YES;
				CLANG_WARN_SUSPICIOUS_MOVE = YES;
				CLANG_WARN_UNGUARDED_AVAILABILITY = YES_AGGRESSIVE;
				CLANG_WARN_UNREACHABLE_CODE = YES;
				CLANG_WARN__DUPLICATE_METHOD_MATCH = YES;
				COPY_PHASE_STRIP = NO;
				DEBUG_INFORMATION_FORMAT = "dwarf-with-dsym";
				ENABLE_NS_ASSERTIONS = NO;
				ENABLE_STRICT_OBJC_MSGSEND = YES;
				GCC_C_LANGUAGE_STANDARD = gnu11;
				GCC_NO_COMMON_BLOCKS = YES;
				GCC_WARN_64_TO_32_BIT_CONVERSION = YES;
				GCC_WARN_ABOUT_RETURN_TYPE = YES_ERROR;
				GCC_WARN_UNDECLARED_SELECTOR = YES;
				GCC_WARN_UNINITIALIZED_AUTOS = YES_AGGRESSIVE;
				GCC_WARN_UNUSED_FUNCTION = YES;
				GCC_WARN_UNUSED_VARIABLE = YES;
				IPHONEOS_DEPLOYMENT_TARGET = 14.5;
				MTL_ENABLE_DEBUG_INFO = NO;
				MTL_FAST_MATH = YES;
				SDKROOT = iphoneos;
				SWIFT_COMPILATION_MODE = wholemodule;
				SWIFT_OPTIMIZATION_LEVEL = "-O";
				VALIDATE_PRODUCT = YES;
			};
			name = Release;
		};
		7526924B27203DFD004CC2F2 /* Debug */ = {
			isa = XCBuildConfiguration;
			buildSettings = {
				ASSETCATALOG_COMPILER_APPICON_NAME = AppIcon;
				ASSETCATALOG_COMPILER_GLOBAL_ACCENT_COLOR_NAME = AccentColor;
				CODE_SIGN_STYLE = Automatic;
				DEVELOPMENT_TEAM = 546DHL7PNU;
				FRAMEWORK_SEARCH_PATHS = (
					"$(inherited)",
					"$(PROJECT_DIR)/Carthage/Build/VKSdkFramework.xcframework/ios-arm64_i386_x86_64-simulator",
				);
				INFOPLIST_FILE = VkNewsFeed/Info.plist;
				IPHONEOS_DEPLOYMENT_TARGET = 13.0;
				LD_RUNPATH_SEARCH_PATHS = (
					"$(inherited)",
					"@executable_path/Frameworks",
				);
				PRODUCT_BUNDLE_IDENTIFIER = com.lebedevMaxim.VkNewsFeed;
				PRODUCT_NAME = "$(TARGET_NAME)";
				SWIFT_VERSION = 5.0;
				TARGETED_DEVICE_FAMILY = "1,2";
			};
			name = Debug;
		};
		7526924C27203DFD004CC2F2 /* Release */ = {
			isa = XCBuildConfiguration;
			buildSettings = {
				ASSETCATALOG_COMPILER_APPICON_NAME = AppIcon;
				ASSETCATALOG_COMPILER_GLOBAL_ACCENT_COLOR_NAME = AccentColor;
				CODE_SIGN_STYLE = Automatic;
				DEVELOPMENT_TEAM = 546DHL7PNU;
				FRAMEWORK_SEARCH_PATHS = (
					"$(inherited)",
					"$(PROJECT_DIR)/Carthage/Build/VKSdkFramework.xcframework/ios-arm64_i386_x86_64-simulator",
				);
				INFOPLIST_FILE = VkNewsFeed/Info.plist;
				IPHONEOS_DEPLOYMENT_TARGET = 13.0;
				LD_RUNPATH_SEARCH_PATHS = (
					"$(inherited)",
					"@executable_path/Frameworks",
				);
				PRODUCT_BUNDLE_IDENTIFIER = com.lebedevMaxim.VkNewsFeed;
				PRODUCT_NAME = "$(TARGET_NAME)";
				SWIFT_VERSION = 5.0;
				TARGETED_DEVICE_FAMILY = "1,2";
			};
			name = Release;
		};
/* End XCBuildConfiguration section */

/* Begin XCConfigurationList section */
		7526923127203DFC004CC2F2 /* Build configuration list for PBXProject "VkNewsFeed" */ = {
			isa = XCConfigurationList;
			buildConfigurations = (
				7526924827203DFD004CC2F2 /* Debug */,
				7526924927203DFD004CC2F2 /* Release */,
			);
			defaultConfigurationIsVisible = 0;
			defaultConfigurationName = Release;
		};
		7526924A27203DFD004CC2F2 /* Build configuration list for PBXNativeTarget "VkNewsFeed" */ = {
			isa = XCConfigurationList;
			buildConfigurations = (
				7526924B27203DFD004CC2F2 /* Debug */,
				7526924C27203DFD004CC2F2 /* Release */,
			);
			defaultConfigurationIsVisible = 0;
			defaultConfigurationName = Release;
		};
/* End XCConfigurationList section */

/* Begin XCRemoteSwiftPackageReference section */
		752692572720431C004CC2F2 /* XCRemoteSwiftPackageReference "vk-ios-sdk" */ = {
			isa = XCRemoteSwiftPackageReference;
			repositoryURL = "https://github.com/qe0/vk-ios-sdk.git";
			requirement = {
				kind = upToNextMajorVersion;
				minimumVersion = 4.2.0;
			};
		};
/* End XCRemoteSwiftPackageReference section */

/* Begin XCSwiftPackageProductDependency section */
		752692582720431C004CC2F2 /* vk-ios-sdk */ = {
			isa = XCSwiftPackageProductDependency;
			package = 752692572720431C004CC2F2 /* XCRemoteSwiftPackageReference "vk-ios-sdk" */;
			productName = "vk-ios-sdk";
		};
/* End XCSwiftPackageProductDependency section */
	};
	rootObject = 7526922E27203DFC004CC2F2 /* Project object */;
}
